# SPDX-FileCopyrightText: 2026 aesc silicon
#
# SPDX-License-Identifier: AGPL-3.0-or-later

# main without the chip-level rules (CHIPEDGE-R.4), for an IP block.
include:
  - deck: dnw
  - deck: nw1
  - deck: psub
  - deck: act
  - deck: nvt1
  - deck: nvt3
  - deck: pvt1
  - deck: pvt3
  - deck: ulld
  - deck: dgox
  - deck: tgox
  - deck: poly
  - deck: np
  - deck: pp
  - deck: esd
  - deck: sab
  - deck: ct
  - deck: actres
  - deck: polyres
  - deck: hrp
  - deck: nw1res
  - deck: actdm
  - deck: polydm
  - deck: met1
  - deck: via1
  - deck: met2
  - deck: via2
  - deck: met3
  - deck: via3
  - deck: met4
  - deck: via4
  - deck: met5
  - deck: via5
  - deck: met6
  - deck: via6
  - deck: met7
  - deck: via7
  - deck: met8
  - deck: t2v1
  - deck: t2m1
  - deck: t2v2
  - deck: t2m2
  - deck: t4v1
  - deck: t4m1
  - deck: t4v2
  - deck: t4m2
  - deck: t8v1
  - deck: t8m1
  - deck: t8v2
  - deck: t8m2
  - deck: rv
  - deck: cb
  - deck: rdl
  - deck: cover
  - deck: deupad
  - deck: slot
  - deck: mom
  - deck: efuse
  - deck: antenna
